
Microsoft Visual Studio Solution File, Format Version 12.00
# Visual Studio Version 17
VisualStudioVersion = 17.14.36429.23
MinimumVisualStudioVersion = 10.0.40219.1
Project("{FAE04EC0-301F-11D3-BF4B-00C04F79EFBC}") = "BankMore.Api", "BankMore.Api.csproj", "{D24C04F3-7533-484C-A1EF-163AA8AFFF3E}"
EndProject
Project("{FAE04EC0-301F-11D3-BF4B-00C04F79EFBC}") = "BankMore.Tests", "BankMore.Tests\BankMore.Tests.csproj", "{7AE02A6B-8D89-47FD-B5FC-EF236245F1AC}"
EndProject
Global
	GlobalSection(SolutionConfigurationPlatforms) = preSolution
		Debug|Any CPU = Debug|Any CPU
		Debug|x64 = Debug|x64
		Debug|x86 = Debug|x86
		Release|Any CPU = Release|Any CPU
		Release|x64 = Release|x64
		Release|x86 = Release|x86
	EndGlobalSection
	GlobalSection(ProjectConfigurationPlatforms) = postSolution
		{D24C04F3-7533-484C-A1EF-163AA8AFFF3E}.Debug|Any CPU.ActiveCfg = Debug|Any CPU
		{D24C04F3-7533-484C-A1EF-163AA8AFFF3E}.Debug|Any CPU.Build.0 = Debug|Any CPU
		{D24C04F3-7533-484C-A1EF-163AA8AFFF3E}.Debug|x64.ActiveCfg = Debug|Any CPU
		{D24C04F3-7533-484C-A1EF-163AA8AFFF3E}.Debug|x64.Build.0 = Debug|Any CPU
		{D24C04F3-7533-484C-A1EF-163AA8AFFF3E}.Debug|x86.ActiveCfg = Debug|Any CPU
		{D24C04F3-7533-484C-A1EF-163AA8AFFF3E}.Debug|x86.Build.0 = Debug|Any CPU
		{D24C04F3-7533-484C-A1EF-163AA8AFFF3E}.Release|Any CPU.ActiveCfg = Release|Any CPU
		{D24C04F3-7533-484C-A1EF-163AA8AFFF3E}.Release|Any CPU.Build.0 = Release|Any CPU
		{D24C04F3-7533-484C-A1EF-163AA8AFFF3E}.Release|x64.ActiveCfg = Release|Any CPU
		{D24C04F3-7533-484C-A1EF-163AA8AFFF3E}.Release|x64.Build.0 = Release|Any CPU
		{D24C04F3-7533-484C-A1EF-163AA8AFFF3E}.Release|x86.ActiveCfg = Release|Any CPU
		{D24C04F3-7533-484C-A1EF-163AA8AFFF3E}.Release|x86.Build.0 = Release|Any CPU
		{7AE02A6B-8D89-47FD-B5FC-EF236245F1AC}.Debug|Any CPU.ActiveCfg = Debug|Any CPU
		{7AE02A6B-8D89-47FD-B5FC-EF236245F1AC}.Debug|Any CPU.Build.0 = Debug|Any CPU
		{7AE02A6B-8D89-47FD-B5FC-EF236245F1AC}.Debug|x64.ActiveCfg = Debug|Any CPU
		{7AE02A6B-8D89-47FD-B5FC-EF236245F1AC}.Debug|x64.Build.0 = Debug|Any CPU
		{7AE02A6B-8D89-47FD-B5FC-EF236245F1AC}.Debug|x86.ActiveCfg = Debug|Any CPU
		{7AE02A6B-8D89-47FD-B5FC-EF236245F1AC}.Debug|x86.Build.0 = Debug|Any CPU
		{7AE02A6B-8D89-47FD-B5FC-EF236245F1AC}.Release|Any CPU.ActiveCfg = Release|Any CPU
		{7AE02A6B-8D89-47FD-B5FC-EF236245F1AC}.Release|Any CPU.Build.0 = Release|Any CPU
		{7AE02A6B-8D89-47FD-B5FC-EF236245F1AC}.Release|x64.ActiveCfg = Release|Any CPU
		{7AE02A6B-8D89-47FD-B5FC-EF236245F1AC}.Release|x64.Build.0 = Release|Any CPU
		{7AE02A6B-8D89-47FD-B5FC-EF236245F1AC}.Release|x86.ActiveCfg = Release|Any CPU
		{7AE02A6B-8D89-47FD-B5FC-EF236245F1AC}.Release|x86.Build.0 = Release|Any CPU
	EndGlobalSection
	GlobalSection(SolutionProperties) = preSolution
		HideSolutionNode = FALSE
	EndGlobalSection
	GlobalSection(ExtensibilityGlobals) = postSolution
		SolutionGuid = {258CCF47-62CD-4587-8F09-7EAF851441B3}
	EndGlobalSection
EndGlobal
